// !$*UTF8*$!
{
	archiveVersion = 1;
	classes = {
	};
	objectVersion = 46;
	objects = {

/* Begin PBXBuildFile section */
		2913C7791A1A388D00ADAE5A /* main.m in Sources */ = {isa = PBXBuildFile; fileRef = 2913C7781A1A388D00ADAE5A /* main.m */; };
		2913C77C1A1A388D00ADAE5A /* AppDelegate.m in Sources */ = {isa = PBXBuildFile; fileRef = 2913C77B1A1A388D00ADAE5A /* AppDelegate.m */; };
		2913C77F1A1A388D00ADAE5A /* cusViewController.xcdatamodeld in Sources */ = {isa = PBXBuildFile; fileRef = 2913C77D1A1A388D00ADAE5A /* cusViewController.xcdatamodeld */; };
		2913C7821A1A388D00ADAE5A /* ViewController.m in Sources */ = {isa = PBXBuildFile; fileRef = 2913C7811A1A388D00ADAE5A /* ViewController.m */; };
		2913C7851A1A388D00ADAE5A /* Main.storyboard in Resources */ = {isa = PBXBuildFile; fileRef = 2913C7831A1A388D00ADAE5A /* Main.storyboard */; };
		2913C7871A1A388D00ADAE5A /* Images.xcassets in Resources */ = {isa = PBXBuildFile; fileRef = 2913C7861A1A388D00ADAE5A /* Images.xcassets */; };
		2913C78A1A1A388D00ADAE5A /* LaunchScreen.xib in Resources */ = {isa = PBXBuildFile; fileRef = 2913C7881A1A388D00ADAE5A /* LaunchScreen.xib */; };
		2913C7961A1A388E00ADAE5A /* cusViewControllerTests.m in Sources */ = {isa = PBXBuildFile; fileRef = 2913C7951A1A388E00ADAE5A /* cusViewControllerTests.m */; };
/* End PBXBuildFile section */

/* Begin PBXContainerItemProxy section */
		2913C7901A1A388D00ADAE5A /* PBXContainerItemProxy */ = {
			isa = PBXContainerItemProxy;
			containerPortal = 2913C76B1A1A388D00ADAE5A /* Project object */;
			proxyType = 1;
			remoteGlobalIDString = 2913C7721A1A388D00ADAE5A;
			remoteInfo = cusViewController;
		};
/* End PBXContainerItemProxy section */

/* Begin PBXFileReference section */
		2913C7731A1A388D00ADAE5A /* cusViewController.app */ = {isa = PBXFileReference; explicitFileType = wrapper.application; includeInIndex = 0; path = cusViewController.app; sourceTree = BUILT_PRODUCTS_DIR; };
		2913C7771A1A388D00ADAE5A /* Info.plist */ = {isa = PBXFileReference; lastKnownFileType = text.plist.xml; path = Info.plist; sourceTree = "<group>"; };
		2913C7781A1A388D00ADAE5A /* main.m */ = {isa = PBXFileReference; lastKnownFileType = sourcecode.c.objc; path = main.m; sourceTree = "<group>"; };
		2913C77A1A1A388D00ADAE5A /* AppDelegate.h */ = {isa = PBXFileReference; lastKnownFileType = sourcecode.c.h; path = AppDelegate.h; sourceTree = "<group>"; };
		2913C77B1A1A388D00ADAE5A /* AppDelegate.m */ = {isa = PBXFileReference; lastKnownFileType = sourcecode.c.objc; path = AppDelegate.m; sourceTree = "<group>"; };
		2913C77E1A1A388D00ADAE5A /* cusViewController.xcdatamodel */ = {isa = PBXFileReference; lastKnownFileType = wrapper.xcdatamodel; path = cusViewController.xcdatamodel; sourceTree = "<group>"; };
		2913C7801A1A388D00ADAE5A /* ViewController.h */ = {isa = PBXFileReference; lastKnownFileType = sourcecode.c.h; path = ViewController.h; sourceTree = "<group>"; };
		2913C7811A1A388D00ADAE5A /* ViewController.m */ = {isa = PBXFileReference; lastKnownFileType = sourcecode.c.objc; path = ViewController.m; sourceTree = "<group>"; };
		2913C7841A1A388D00ADAE5A /* Base */ = {isa = PBXFileReference; lastKnownFileType = file.storyboard; name = Base; path = Base.lproj/Main.storyboard; sourceTree = "<group>"; };
		2913C7861A1A388D00ADAE5A /* Images.xcassets */ = {isa = PBXFileReference; lastKnownFileType = folder.assetcatalog; path = Images.xcassets; sourceTree = "<group>"; };
		2913C7891A1A388D00ADAE5A /* Base */ = {isa = PBXFileReference; lastKnownFileType = file.xib; name = Base; path = Base.lproj/LaunchScreen.xib; sourceTree = "<group>"; };
		2913C78F1A1A388D00ADAE5A /* cusViewControllerTests.xctest */ = {isa = PBXFileReference; explicitFileType = wrapper.cfbundle; includeInIndex = 0; path = cusViewControllerTests.xctest; sourceTree = BUILT_PRODUCTS_DIR; };
		2913C7941A1A388D00ADAE5A /* Info.plist */ = {isa = PBXFileReference; lastKnownFileType = text.plist.xml; path = Info.plist; sourceTree = "<group>"; };
		2913C7951A1A388E00ADAE5A /* cusViewControllerTests.m */ = {isa = PBXFileReference; lastKnownFileType = sourcecode.c.objc; path = cusViewControllerTests.m; sourceTree = "<group>"; };
/* End PBXFileReference section */

/* Begin PBXFrameworksBuildPhase section */
		2913C7701A1A388D00ADAE5A /* Frameworks */ = {
			isa = PBXFrameworksBuildPhase;
			buildActionMask = 2147483647;
			files = (
			);
			runOnlyForDeploymentPostprocessing = 0;
		};
		2913C78C1A1A388D00ADAE5A /* Frameworks */ = {
			isa = PBXFrameworksBuildPhase;
			buildActionMask = 2147483647;
			files = (
			);
			runOnlyForDeploymentPostprocessing = 0;
		};
/* End PBXFrameworksBuildPhase section */

/* Begin PBXGroup section */
		2913C76A1A1A388D00ADAE5A = {
			isa = PBXGroup;
			children = (
				2913C7751A1A388D00ADAE5A /* cusViewController */,
				2913C7921A1A388D00ADAE5A /* cusViewControllerTests */,
				2913C7741A1A388D00ADAE5A /* Products */,
			);
			sourceTree = "<group>";
		};
		2913C7741A1A388D00ADAE5A /* Products */ = {
			isa = PBXGroup;
			children = (
				2913C7731A1A388D00ADAE5A /* cusViewController.app */,
				2913C78F1A1A388D00ADAE5A /* cusViewControllerTests.xctest */,
			);
			name = Products;
			sourceTree = "<group>";
		};
		2913C7751A1A388D00ADAE5A /* cusViewController */ = {
			isa = PBXGroup;
			children = (
				2913C77A1A1A388D00ADAE5A /* AppDelegate.h */,
				2913C77B1A1A388D00ADAE5A /* AppDelegate.m */,
				2913C7801A1A388D00ADAE5A /* ViewController.h */,
				2913C7811A1A388D00ADAE5A /* ViewController.m */,
				2913C7831A1A388D00ADAE5A /* Main.storyboard */,
				2913C7861A1A388D00ADAE5A /* Images.xcassets */,
				2913C7881A1A388D00ADAE5A /* LaunchScreen.xib */,
				2913C77D1A1A388D00ADAE5A /* cusViewController.xcdatamodeld */,
				2913C7761A1A388D00ADAE5A /* Supporting Files */,
			);
			path = cusViewController;
			sourceTree = "<group>";
		};
		2913C7761A1A388D00ADAE5A /* Supporting Files */ = {
			isa = PBXGroup;
			children = (
				2913C7771A1A388D00ADAE5A /* Info.plist */,
				2913C7781A1A388D00ADAE5A /* main.m */,
			);
			name = "Supporting Files";
			sourceTree = "<group>";
		};
		2913C7921A1A388D00ADAE5A /* cusViewControllerTests */ = {
			isa = PBXGroup;
			children = (
				2913C7951A1A388E00ADAE5A /* cusViewControllerTests.m */,
				2913C7931A1A388D00ADAE5A /* Supporting Files */,
			);
			path = cusViewControllerTests;
			sourceTree = "<group>";
		};
		2913C7931A1A388D00ADAE5A /* Supporting Files */ = {
			isa = PBXGroup;
			children = (
				2913C7941A1A388D00ADAE5A /* Info.plist */,
			);
			name = "Supporting Files";
			sourceTree = "<group>";
		};
/* End PBXGroup section */

/* Begin PBXNativeTarget section */
		2913C7721A1A388D00ADAE5A /* cusViewController */ = {
			isa = PBXNativeTarget;
			buildConfigurationList = 2913C7991A1A388E00ADAE5A /* Build configuration list for PBXNativeTarget "cusViewController" */;
			buildPhases = (
				2913C76F1A1A388D00ADAE5A /* Sources */,
				2913C7701A1A388D00ADAE5A /* Frameworks */,
				2913C7711A1A388D00ADAE5A /* Resources */,
			);
			buildRules = (
			);
			dependencies = (
			);
			name = cusViewController;
			productName = cusViewController;
			productReference = 2913C7731A1A388D00ADAE5A /* cusViewController.app */;
			productType = "com.apple.product-type.application";
		};
		2913C78E1A1A388D00ADAE5A /* cusViewControllerTests */ = {
			isa = PBXNativeTarget;
			buildConfigurationList = 2913C79C1A1A388E00ADAE5A /* Build configuration list for PBXNativeTarget "cusViewControllerTests" */;
			buildPhases = (
				2913C78B1A1A388D00ADAE5A /* Sources */,
				2913C78C1A1A388D00ADAE5A /* Frameworks */,
				2913C78D1A1A388D00ADAE5A /* Resources */,
			);
			buildRules = (
			);
			dependencies = (
				2913C7911A1A388D00ADAE5A /* PBXTargetDependency */,
			);
			name = cusViewControllerTests;
			productName = cusViewControllerTests;
			productReference = 2913C78F1A1A388D00ADAE5A /* cusViewControllerTests.xctest */;
			productType = "com.apple.product-type.bundle.unit-test";
		};
/* End PBXNativeTarget section */

/* Begin PBXProject section */
		2913C76B1A1A388D00ADAE5A /* Project object */ = {
			isa = PBXProject;
			attributes = {
				LastUpgradeCheck = 0610;
				ORGANIZATIONNAME = dosomethingq;
				TargetAttributes = {
					2913C7721A1A388D00ADAE5A = {
						CreatedOnToolsVersion = 6.1;
					};
					2913C78E1A1A388D00ADAE5A = {
						CreatedOnToolsVersion = 6.1;
						TestTargetID = 2913C7721A1A388D00ADAE5A;
					};
				};
			};
			buildConfigurationList = 2913C76E1A1A388D00ADAE5A /* Build configuration list for PBXProject "cusViewController" */;
			compatibilityVersion = "Xcode 3.2";
			developmentRegion = English;
			hasScannedForEncodings = 0;
			knownRegions = (
				en,
				Base,
			);
			mainGroup = 2913C76A1A1A388D00ADAE5A;
			productRefGroup = 2913C7741A1A388D00ADAE5A /* Products */;
			projectDirPath = "";
			projectRoot = "";
			targets = (
				2913C7721A1A388D00ADAE5A /* cusViewController */,
				2913C78E1A1A388D00ADAE5A /* cusViewControllerTests */,
			);
		};
/* End PBXProject section */

/* Begin PBXResourcesBuildPhase section */
		2913C7711A1A388D00ADAE5A /* Resources */ = {
			isa = PBXResourcesBuildPhase;
			buildActionMask = 2147483647;
			files = (
				2913C7851A1A388D00ADAE5A /* Main.storyboard in Resources */,
				2913C78A1A1A388D00ADAE5A /* LaunchScreen.xib in Resources */,
				2913C7871A1A388D00ADAE5A /* Images.xcassets in Resources */,
			);
			runOnlyForDeploymentPostprocessing = 0;
		};
		2913C78D1A1A388D00ADAE5A /* Resources */ = {
			isa = PBXResourcesBuildPhase;
			buildActionMask = 2147483647;
			files = (
			);
			runOnlyForDeploymentPostprocessing = 0;
		};
/* End PBXResourcesBuildPhase section */

/* Begin PBXSourcesBuildPhase section */
		2913C76F1A1A388D00ADAE5A /* Sources */ = {
			isa = PBXSourcesBuildPhase;
			buildActionMask = 2147483647;
			files = (
				2913C77C1A1A388D00ADAE5A /* AppDelegate.m in Sources */,
				2913C77F1A1A388D00ADAE5A /* cusViewController.xcdatamodeld in Sources */,
				2913C7821A1A388D00ADAE5A /* ViewController.m in Sources */,
				2913C7791A1A388D00ADAE5A /* main.m in Sources */,
			);
			runOnlyForDeploymentPostprocessing = 0;
		};
		2913C78B1A1A388D00ADAE5A /* Sources */ = {
			isa = PBXSourcesBuildPhase;
			buildActionMask = 2147483647;
			files = (
				2913C7961A1A388E00ADAE5A /* cusViewControllerTests.m in Sources */,
			);
			runOnlyForDeploymentPostprocessing = 0;
		};
/* End PBXSourcesBuildPhase section */

/* Begin PBXTargetDependency section */
		2913C7911A1A388D00ADAE5A /* PBXTargetDependency */ = {
			isa = PBXTargetDependency;
			target = 2913C7721A1A388D00ADAE5A /* cusViewController */;
			targetProxy = 2913C7901A1A388D00ADAE5A /* PBXContainerItemProxy */;
		};
/* End PBXTargetDependency section */

/* Begin PBXVariantGroup section */
		2913C7831A1A388D00ADAE5A /* Main.storyboard */ = {
			isa = PBXVariantGroup;
			children = (
				2913C7841A1A388D00ADAE5A /* Base */,
			);
			name = Main.storyboard;
			sourceTree = "<group>";
		};
		2913C7881A1A388D00ADAE5A /* LaunchScreen.xib */ = {
			isa = PBXVariantGroup;
			children = (
				2913C7891A1A388D00ADAE5A /* Base */,
			);
			name = LaunchScreen.xib;
			sourceTree = "<group>";
		};
/* End PBXVariantGroup section */

/* Begin XCBuildConfiguration section */
		2913C7971A1A388E00ADAE5A /* Debug */ = {
			isa = XCBuildConfiguration;
			buildSettings = {
				ALWAYS_SEARCH_USER_PATHS = NO;
				CLANG_CXX_LANGUAGE_STANDARD = "gnu++0x";
				CLANG_CXX_LIBRARY = "libc++";
				CLANG_ENABLE_MODULES = YES;
				CLANG_ENABLE_OBJC_ARC = YES;
				CLANG_WARN_BOOL_CONVERSION = YES;
				CLANG_WARN_CONSTANT_CONVERSION = YES;
				CLANG_WARN_DIRECT_OBJC_ISA_USAGE = YES_ERROR;
				CLANG_WARN_EMPTY_BODY = YES;
				CLANG_WARN_ENUM_CONVERSION = YES;
				CLANG_WARN_INT_CONVERSION = YES;
				CLANG_WARN_OBJC_ROOT_CLASS = YES_ERROR;
				CLANG_WARN_UNREACHABLE_CODE = YES;
				CLANG_WARN__DUPLICATE_METHOD_MATCH = YES;
				"CODE_SIGN_IDENTITY[sdk=iphoneos*]" = "iPhone Developer";
				COPY_PHASE_STRIP = NO;
				ENABLE_STRICT_OBJC_MSGSEND = YES;
				GCC_C_LANGUAGE_STANDARD = gnu99;
				GCC_DYNAMIC_NO_PIC = NO;
				GCC_OPTIMIZATION_LEVEL = 0;
				GCC_PREPROCESSOR_DEFINITIONS = (
					"DEBUG=1",
					"$(inherited)",
				);
				GCC_SYMBOLS_PRIVATE_EXTERN = NO;
				GCC_WARN_64_TO_32_BIT_CONVERSION = YES;
				GCC_WARN_ABOUT_RETURN_TYPE = YES_ERROR;
				GCC_WARN_UNDECLARED_SELECTOR = YES;
				GCC_WARN_UNINITIALIZED_AUTOS = YES_AGGRESSIVE;
				GCC_WARN_UNUSED_FUNCTION = YES;
				GCC_WARN_UNUSED_VARIABLE = YES;
				IPHONEOS_DEPLOYMENT_TARGET = 8.1;
				MTL_ENABLE_DEBUG_INFO = YES;
				ONLY_ACTIVE_ARCH = YES;
				SDKROOT = iphoneos;
			};
			name = Debug;
		};
		2913C7981A1A388E00ADAE5A /* Release */ = {
			isa = XCBuildConfiguration;
			buildSettings = {
				ALWAYS_SEARCH_USER_PATHS = NO;
				CLANG_CXX_LANGUAGE_STANDARD = "gnu++0x";
				CLANG_CXX_LIBRARY = "libc++";
				CLANG_ENABLE_MODULES = YES;
				CLANG_ENABLE_OBJC_ARC = YES;
				CLANG_WARN_BOOL_CONVERSION = YES;
				CLANG_WARN_CONSTANT_CONVERSION = YES;
				CLANG_WARN_DIRECT_OBJC_ISA_USAGE = YES_ERROR;
				CLANG_WARN_EMPTY_BODY = YES;
				CLANG_WARN_ENUM_CONVERSION = YES;
				CLANG_WARN_INT_CONVERSION = YES;
				CLANG_WARN_OBJC_ROOT_CLASS = YES_ERROR;
				CLANG_WARN_UNREACHABLE_CODE = YES;
				CLANG_WARN__DUPLICATE_METHOD_MATCH = YES;
				"CODE_SIGN_IDENTITY[sdk=iphoneos*]" = "iPhone Developer";
				COPY_PHASE_STRIP = YES;
				ENABLE_NS_ASSERTIONS = NO;
				ENABLE_STRICT_OBJC_MSGSEND = YES;
				GCC_C_LANGUAGE_STANDARD = gnu99;
				GCC_WARN_64_TO_32_BIT_CONVERSION = YES;
				GCC_WARN_ABOUT_RETURN_TYPE = YES_ERROR;
				GCC_WARN_UNDECLARED_SELECTOR = YES;
				GCC_WARN_UNINITIALIZED_AUTOS = YES_AGGRESSIVE;
				GCC_WARN_UNUSED_FUNCTION = YES;
				GCC_WARN_UNUSED_VARIABLE = YES;
				IPHONEOS_DEPLOYMENT_TARGET = 8.1;
				MTL_ENABLE_DEBUG_INFO = NO;
				SDKROOT = iphoneos;
				VALIDATE_PRODUCT = YES;
			};
			name = Release;
		};
		2913C79A1A1A388E00ADAE5A /* Debug */ = {
			isa = XCBuildConfiguration;
			buildSettings = {
				ASSETCATALOG_COMPILER_APPICON_NAME = AppIcon;
				INFOPLIST_FILE = cusViewController/Info.plist;
				LD_RUNPATH_SEARCH_PATHS = "$(inherited) @executable_path/Frameworks";
				PRODUCT_NAME = "$(TARGET_NAME)";
			};
			name = Debug;
		};
		2913C79B1A1A388E00ADAE5A /* Release */ = {
			isa = XCBuildConfiguration;
			buildSettings = {
				ASSETCATALOG_COMPILER_APPICON_NAME = AppIcon;
				INFOPLIST_FILE = cusViewController/Info.plist;
				LD_RUNPATH_SEARCH_PATHS = "$(inherited) @executable_path/Frameworks";
				PRODUCT_NAME = "$(TARGET_NAME)";
			};
			name = Release;
		};
		2913C79D1A1A388E00ADAE5A /* Debug */ = {
			isa = XCBuildConfiguration;
			buildSettings = {
				BUNDLE_LOADER = "$(TEST_HOST)";
				FRAMEWORK_SEARCH_PATHS = (
					"$(SDKROOT)/Developer/Library/Frameworks",
					"$(inherited)",
				);
				GCC_PREPROCESSOR_DEFINITIONS = (
					"DEBUG=1",
					"$(inherited)",
				);
				INFOPLIST_FILE = cusViewControllerTests/Info.plist;
				LD_RUNPATH_SEARCH_PATHS = "$(inherited) @executable_path/Frameworks @loader_path/Frameworks";
				PRODUCT_NAME = "$(TARGET_NAME)";
				TEST_HOST = "$(BUILT_PRODUCTS_DIR)/cusViewController.app/cusViewController";
			};
			name = Debug;
		};
		2913C79E1A1A388E00ADAE5A /* Release */ = {
			isa = XCBuildConfiguration;
			buildSettings = {
				BUNDLE_LOADER = "$(TEST_HOST)";
				FRAMEWORK_SEARCH_PATHS = (
					"$(SDKROOT)/Developer/Library/Frameworks",
					"$(inherited)",
				);
				INFOPLIST_FILE = cusViewControllerTests/Info.plist;
				LD_RUNPATH_SEARCH_PATHS = "$(inherited) @executable_path/Frameworks @loader_path/Frameworks";
				PRODUCT_NAME = "$(TARGET_NAME)";
				TEST_HOST = "$(BUILT_PRODUCTS_DIR)/cusViewController.app/cusViewController";
			};
			name = Release;
		};
/* End XCBuildConfiguration section */

/* Begin XCConfigurationList section */
		2913C76E1A1A388D00ADAE5A /* Build configuration list for PBXProject "cusViewController" */ = {
			isa = XCConfigurationList;
			buildConfigurations = (
				2913C7971A1A388E00ADAE5A /* Debug */,
				2913C7981A1A388E00ADAE5A /* Release */,
			);
			defaultConfigurationIsVisible = 0;
			defaultConfigurationName = Release;
		};
		2913C7991A1A388E00ADAE5A /* Build configuration list for PBXNativeTarget "cusViewController" */ = {
			isa = XCConfigurationList;
			buildConfigurations = (
				2913C79A1A1A388E00ADAE5A /* Debug */,
				2913C79B1A1A388E00ADAE5A /* Release */,
			);
			defaultConfigurationIsVisible = 0;
		};
		2913C79C1A1A388E00ADAE5A /* Build configuration list for PBXNativeTarget "cusViewControllerTests" */ = {
			isa = XCConfigurationList;
			buildConfigurations = (
				2913C79D1A1A388E00ADAE5A /* Debug */,
				2913C79E1A1A388E00ADAE5A /* Release */,
			);
			defaultConfigurationIsVisible = 0;
		};
/* End XCConfigurationList section */

/* Begin XCVersionGroup section */
		2913C77D1A1A388D00ADAE5A /* cusViewController.xcdatamodeld */ = {
			isa = XCVersionGroup;
			children = (
				2913C77E1A1A388D00ADAE5A /* cusViewController.xcdatamodel */,
			);
			currentVersion = 2913C77E1A1A388D00ADAE5A /* cusViewController.xcdatamodel */;
			path = cusViewController.xcdatamodeld;
			sourceTree = "<group>";
			versionGroupType = wrapper.xcdatamodel;
		};
/* End XCVersionGroup section */
	};
	rootObject = 2913C76B1A1A388D00ADAE5A /* Project object */;
}
